
Microsoft Visual Studio Solution File, Format Version 12.00
# Visual Studio 2013
VisualStudioVersion = 12.0.40629.0
MinimumVisualStudioVersion = 10.0.40219.1
Project("{FAE04EC0-301F-11D3-BF4B-00C04F79EFBC}") = "rf_ex_vs", "rf_ex_vs\rf_ex_vs.csproj", "{A283BAF6-8A57-499B-8C68-6D6B3B60C44C}"
EndProject
Global
	GlobalSection(SolutionConfigurationPlatforms) = preSolution
		Debug|Any CPU = Debug|Any CPU
		Release|Any CPU = Release|Any CPU
	EndGlobalSection
	GlobalSection(ProjectConfigurationPlatforms) = postSolution
		{A283BAF6-8A57-499B-8C68-6D6B3B60C44C}.Debug|Any CPU.ActiveCfg = Debug|Any CPU
		{A283BAF6-8A57-499B-8C68-6D6B3B60C44C}.Debug|Any CPU.Build.0 = Debug|Any CPU
		{A283BAF6-8A57-499B-8C68-6D6B3B60C44C}.Release|Any CPU.ActiveCfg = Release|Any CPU
		{A283BAF6-8A57-499B-8C68-6D6B3B60C44C}.Release|Any CPU.Build.0 = Release|Any CPU
	EndGlobalSection
	GlobalSection(SolutionProperties) = preSolution
		HideSolutionNode = FALSE
	EndGlobalSection
EndGlobal
